// !$*UTF8*$!
{
	archiveVersion = 1;
	classes = {
	};
	objectVersion = 46;
	objects = {

/* Begin PBXBuildFile section */
		3C46D53A1D00624C001C905B /* AppDelegate.swift in Sources */ = {isa = PBXBuildFile; fileRef = 3C46D5391D00624C001C905B /* AppDelegate.swift */; };
		3C46D53C1D00624C001C905B /* ViewController.swift in Sources */ = {isa = PBXBuildFile; fileRef = 3C46D53B1D00624C001C905B /* ViewController.swift */; };
		3C46D53F1D00624C001C905B /* Main.storyboard in Resources */ = {isa = PBXBuildFile; fileRef = 3C46D53D1D00624C001C905B /* Main.storyboard */; };
		3C46D5411D00624C001C905B /* Assets.xcassets in Resources */ = {isa = PBXBuildFile; fileRef = 3C46D5401D00624C001C905B /* Assets.xcassets */; };
		3C46D5441D00624C001C905B /* LaunchScreen.storyboard in Resources */ = {isa = PBXBuildFile; fileRef = 3C46D5421D00624C001C905B /* LaunchScreen.storyboard */; };
		3C46D54C1D006265001C905B /* Constants.swift in Sources */ = {isa = PBXBuildFile; fileRef = 3C46D54B1D006265001C905B /* Constants.swift */; };
		3C46D5501D0063C2001C905B /* MobileConnectSDK.framework in Frameworks */ = {isa = PBXBuildFile; fileRef = 3C46D54F1D0063C2001C905B /* MobileConnectSDK.framework */; };
		C107C80BA26A9CA8FD7A0FC6 /* Pods_CodeReview.framework in Frameworks */ = {isa = PBXBuildFile; fileRef = 1D31AB8B009D5DF2E66D7EF5 /* Pods_CodeReview.framework */; };
/* End PBXBuildFile section */

/* Begin PBXFileReference section */
		1D31AB8B009D5DF2E66D7EF5 /* Pods_CodeReview.framework */ = {isa = PBXFileReference; explicitFileType = wrapper.framework; includeInIndex = 0; path = Pods_CodeReview.framework; sourceTree = BUILT_PRODUCTS_DIR; };
		3C46D5361D00624C001C905B /* CodeReview.app */ = {isa = PBXFileReference; explicitFileType = wrapper.application; includeInIndex = 0; path = CodeReview.app; sourceTree = BUILT_PRODUCTS_DIR; };
		3C46D5391D00624C001C905B /* AppDelegate.swift */ = {isa = PBXFileReference; lastKnownFileType = sourcecode.swift; path = AppDelegate.swift; sourceTree = "<group>"; };
		3C46D53B1D00624C001C905B /* ViewController.swift */ = {isa = PBXFileReference; lastKnownFileType = sourcecode.swift; path = ViewController.swift; sourceTree = "<group>"; };
		3C46D53E1D00624C001C905B /* Base */ = {isa = PBXFileReference; lastKnownFileType = file.storyboard; name = Base; path = Base.lproj/Main.storyboard; sourceTree = "<group>"; };
		3C46D5401D00624C001C905B /* Assets.xcassets */ = {isa = PBXFileReference; lastKnownFileType = folder.assetcatalog; path = Assets.xcassets; sourceTree = "<group>"; };
		3C46D5431D00624C001C905B /* Base */ = {isa = PBXFileReference; lastKnownFileType = file.storyboard; name = Base; path = Base.lproj/LaunchScreen.storyboard; sourceTree = "<group>"; };
		3C46D5451D00624C001C905B /* Info.plist */ = {isa = PBXFileReference; lastKnownFileType = text.plist.xml; path = Info.plist; sourceTree = "<group>"; };
		3C46D54B1D006265001C905B /* Constants.swift */ = {isa = PBXFileReference; fileEncoding = 4; lastKnownFileType = sourcecode.swift; path = Constants.swift; sourceTree = "<group>"; };
		3C46D54F1D0063C2001C905B /* MobileConnectSDK.framework */ = {isa = PBXFileReference; lastKnownFileType = wrapper.framework; name = MobileConnectSDK.framework; path = "DerivedData/CodeReview/Build/Products/Debug-iphonesimulator/MobileConnectSDK/MobileConnectSDK.framework"; sourceTree = "<group>"; };
		9C3F840E88D43DEDBE324A50 /* Pods-CodeReview.release.xcconfig */ = {isa = PBXFileReference; includeInIndex = 1; lastKnownFileType = text.xcconfig; name = "Pods-CodeReview.release.xcconfig"; path = "Pods/Target Support Files/Pods-CodeReview/Pods-CodeReview.release.xcconfig"; sourceTree = "<group>"; };
		B3BDCA2B752BD96247C59AFA /* Pods-CodeReview.debug.xcconfig */ = {isa = PBXFileReference; includeInIndex = 1; lastKnownFileType = text.xcconfig; name = "Pods-CodeReview.debug.xcconfig"; path = "Pods/Target Support Files/Pods-CodeReview/Pods-CodeReview.debug.xcconfig"; sourceTree = "<group>"; };
/* End PBXFileReference section */

/* Begin PBXFrameworksBuildPhase section */
		3C46D5331D00624C001C905B /* Frameworks */ = {
			isa = PBXFrameworksBuildPhase;
			buildActionMask = 2147483647;
			files = (
				3C46D5501D0063C2001C905B /* MobileConnectSDK.framework in Frameworks */,
				C107C80BA26A9CA8FD7A0FC6 /* Pods_CodeReview.framework in Frameworks */,
			);
			runOnlyForDeploymentPostprocessing = 0;
		};
/* End PBXFrameworksBuildPhase section */

/* Begin PBXGroup section */
		3C46D52D1D00624C001C905B = {
			isa = PBXGroup;
			children = (
				3C46D5381D00624C001C905B /* CodeReview */,
				3C46D5371D00624C001C905B /* Products */,
				D181B7D1EF850C070DF48996 /* Pods */,
				444B135E0405AFAE225220B0 /* Frameworks */,
			);
			sourceTree = "<group>";
		};
		3C46D5371D00624C001C905B /* Products */ = {
			isa = PBXGroup;
			children = (
				3C46D5361D00624C001C905B /* CodeReview.app */,
			);
			name = Products;
			sourceTree = "<group>";
		};
		3C46D5381D00624C001C905B /* CodeReview */ = {
			isa = PBXGroup;
			children = (
				3C46D5391D00624C001C905B /* AppDelegate.swift */,
				3C46D53B1D00624C001C905B /* ViewController.swift */,
				3C46D53D1D00624C001C905B /* Main.storyboard */,
				3C46D5401D00624C001C905B /* Assets.xcassets */,
				3C46D5421D00624C001C905B /* LaunchScreen.storyboard */,
				3C46D5451D00624C001C905B /* Info.plist */,
				3C46D54B1D006265001C905B /* Constants.swift */,
			);
			path = CodeReview;
			sourceTree = "<group>";
		};
		444B135E0405AFAE225220B0 /* Frameworks */ = {
			isa = PBXGroup;
			children = (
				3C46D54F1D0063C2001C905B /* MobileConnectSDK.framework */,
				1D31AB8B009D5DF2E66D7EF5 /* Pods_CodeReview.framework */,
			);
			name = Frameworks;
			sourceTree = "<group>";
		};
		D181B7D1EF850C070DF48996 /* Pods */ = {
			isa = PBXGroup;
			children = (
				B3BDCA2B752BD96247C59AFA /* Pods-CodeReview.debug.xcconfig */,
				9C3F840E88D43DEDBE324A50 /* Pods-CodeReview.release.xcconfig */,
			);
			name = Pods;
			sourceTree = "<group>";
		};
/* End PBXGroup section */

/* Begin PBXNativeTarget section */
		3C46D5351D00624C001C905B /* CodeReview */ = {
			isa = PBXNativeTarget;
			buildConfigurationList = 3C46D5481D00624C001C905B /* Build configuration list for PBXNativeTarget "CodeReview" */;
			buildPhases = (
				EC34CD50FA92ED1EC54FBDEE /* 📦 Check Pods Manifest.lock */,
				3C46D5321D00624C001C905B /* Sources */,
				3C46D5331D00624C001C905B /* Frameworks */,
				3C46D5341D00624C001C905B /* Resources */,
				C4D0C612CB418AD0436FB92C /* 📦 Embed Pods Frameworks */,
				FD70A41960EC3C733E66323A /* 📦 Copy Pods Resources */,
			);
			buildRules = (
			);
			dependencies = (
			);
			name = CodeReview;
			productName = CodeReview;
			productReference = 3C46D5361D00624C001C905B /* CodeReview.app */;
			productType = "com.apple.product-type.application";
		};
/* End PBXNativeTarget section */

/* Begin PBXProject section */
		3C46D52E1D00624C001C905B /* Project object */ = {
			isa = PBXProject;
			attributes = {
				LastSwiftUpdateCheck = 0730;
				LastUpgradeCheck = 0730;
				ORGANIZATIONNAME = GSMA;
				TargetAttributes = {
					3C46D5351D00624C001C905B = {
						CreatedOnToolsVersion = 7.3.1;
					};
				};
			};
			buildConfigurationList = 3C46D5311D00624C001C905B /* Build configuration list for PBXProject "CodeReview" */;
			compatibilityVersion = "Xcode 3.2";
			developmentRegion = English;
			hasScannedForEncodings = 0;
			knownRegions = (
				en,
				Base,
			);
			mainGroup = 3C46D52D1D00624C001C905B;
			productRefGroup = 3C46D5371D00624C001C905B /* Products */;
			projectDirPath = "";
			projectRoot = "";
			targets = (
				3C46D5351D00624C001C905B /* CodeReview */,
			);
		};
/* End PBXProject section */

/* Begin PBXResourcesBuildPhase section */
		3C46D5341D00624C001C905B /* Resources */ = {
			isa = PBXResourcesBuildPhase;
			buildActionMask = 2147483647;
			files = (
				3C46D5441D00624C001C905B /* LaunchScreen.storyboard in Resources */,
				3C46D5411D00624C001C905B /* Assets.xcassets in Resources */,
				3C46D53F1D00624C001C905B /* Main.storyboard in Resources */,
			);
			runOnlyForDeploymentPostprocessing = 0;
		};
/* End PBXResourcesBuildPhase section */

/* Begin PBXShellScriptBuildPhase section */
		C4D0C612CB418AD0436FB92C /* 📦 Embed Pods Frameworks */ = {
			isa = PBXShellScriptBuildPhase;
			buildActionMask = 2147483647;
			files = (
			);
			inputPaths = (
			);
			name = "📦 Embed Pods Frameworks";
			outputPaths = (
			);
			runOnlyForDeploymentPostprocessing = 0;
			shellPath = /bin/sh;
			shellScript = "\"${SRCROOT}/Pods/Target Support Files/Pods-CodeReview/Pods-CodeReview-frameworks.sh\"\n";
			showEnvVarsInLog = 0;
		};
		EC34CD50FA92ED1EC54FBDEE /* 📦 Check Pods Manifest.lock */ = {
			isa = PBXShellScriptBuildPhase;
			buildActionMask = 2147483647;
			files = (
			);
			inputPaths = (
			);
			name = "📦 Check Pods Manifest.lock";
			outputPaths = (
			);
			runOnlyForDeploymentPostprocessing = 0;
			shellPath = /bin/sh;
			shellScript = "diff \"${PODS_ROOT}/../Podfile.lock\" \"${PODS_ROOT}/Manifest.lock\" > /dev/null\nif [[ $? != 0 ]] ; then\n    cat << EOM\nerror: The sandbox is not in sync with the Podfile.lock. Run 'pod install' or update your CocoaPods installation.\nEOM\n    exit 1\nfi\n";
			showEnvVarsInLog = 0;
		};
		FD70A41960EC3C733E66323A /* 📦 Copy Pods Resources */ = {
			isa = PBXShellScriptBuildPhase;
			buildActionMask = 2147483647;
			files = (
			);
			inputPaths = (
			);
			name = "📦 Copy Pods Resources";
			outputPaths = (
			);
			runOnlyForDeploymentPostprocessing = 0;
			shellPath = /bin/sh;
			shellScript = "\"${SRCROOT}/Pods/Target Support Files/Pods-CodeReview/Pods-CodeReview-resources.sh\"\n";
			showEnvVarsInLog = 0;
		};
/* End PBXShellScriptBuildPhase section */

/* Begin PBXSourcesBuildPhase section */
		3C46D5321D00624C001C905B /* Sources */ = {
			isa = PBXSourcesBuildPhase;
			buildActionMask = 2147483647;
			files = (
				3C46D53C1D00624C001C905B /* ViewController.swift in Sources */,
				3C46D53A1D00624C001C905B /* AppDelegate.swift in Sources */,
				3C46D54C1D006265001C905B /* Constants.swift in Sources */,
			);
			runOnlyForDeploymentPostprocessing = 0;
		};
/* End PBXSourcesBuildPhase section */

/* Begin PBXVariantGroup section */
		3C46D53D1D00624C001C905B /* Main.storyboard */ = {
			isa = PBXVariantGroup;
			children = (
				3C46D53E1D00624C001C905B /* Base */,
			);
			name = Main.storyboard;
			sourceTree = "<group>";
		};
		3C46D5421D00624C001C905B /* LaunchScreen.storyboard */ = {
			isa = PBXVariantGroup;
			children = (
				3C46D5431D00624C001C905B /* Base */,
			);
			name = LaunchScreen.storyboard;
			sourceTree = "<group>";
		};
/* End PBXVariantGroup section */

/* Begin XCBuildConfiguration section */
		3C46D5461D00624C001C905B /* Debug */ = {
			isa = XCBuildConfiguration;
			buildSettings = {
				ALWAYS_SEARCH_USER_PATHS = NO;
				CLANG_ANALYZER_NONNULL = YES;
				CLANG_CXX_LANGUAGE_STANDARD = "gnu++0x";
				CLANG_CXX_LIBRARY = "libc++";
				CLANG_ENABLE_MODULES = YES;
				CLANG_ENABLE_OBJC_ARC = YES;
				CLANG_WARN_BOOL_CONVERSION = YES;
				CLANG_WARN_CONSTANT_CONVERSION = YES;
				CLANG_WARN_DIRECT_OBJC_ISA_USAGE = YES_ERROR;
				CLANG_WARN_EMPTY_BODY = YES;
				CLANG_WARN_ENUM_CONVERSION = YES;
				CLANG_WARN_INT_CONVERSION = YES;
				CLANG_WARN_OBJC_ROOT_CLASS = YES_ERROR;
				CLANG_WARN_UNREACHABLE_CODE = YES;
				CLANG_WARN__DUPLICATE_METHOD_MATCH = YES;
				"CODE_SIGN_IDENTITY[sdk=iphoneos*]" = "iPhone Developer";
				COPY_PHASE_STRIP = NO;
				DEBUG_INFORMATION_FORMAT = dwarf;
				ENABLE_STRICT_OBJC_MSGSEND = YES;
				ENABLE_TESTABILITY = YES;
				GCC_C_LANGUAGE_STANDARD = gnu99;
				GCC_DYNAMIC_NO_PIC = NO;
				GCC_NO_COMMON_BLOCKS = YES;
				GCC_OPTIMIZATION_LEVEL = 0;
				GCC_PREPROCESSOR_DEFINITIONS = (
					"DEBUG=1",
					"$(inherited)",
				);
				GCC_WARN_64_TO_32_BIT_CONVERSION = YES;
				GCC_WARN_ABOUT_RETURN_TYPE = YES_ERROR;
				GCC_WARN_UNDECLARED_SELECTOR = YES;
				GCC_WARN_UNINITIALIZED_AUTOS = YES_AGGRESSIVE;
				GCC_WARN_UNUSED_FUNCTION = YES;
				GCC_WARN_UNUSED_VARIABLE = YES;
				IPHONEOS_DEPLOYMENT_TARGET = 9.3;
				MTL_ENABLE_DEBUG_INFO = YES;
				ONLY_ACTIVE_ARCH = YES;
				SDKROOT = iphoneos;
				SWIFT_OPTIMIZATION_LEVEL = "-Onone";
				TARGETED_DEVICE_FAMILY = "1,2";
			};
			name = Debug;
		};
		3C46D5471D00624C001C905B /* Release */ = {
			isa = XCBuildConfiguration;
			buildSettings = {
				ALWAYS_SEARCH_USER_PATHS = NO;
				CLANG_ANALYZER_NONNULL = YES;
				CLANG_CXX_LANGUAGE_STANDARD = "gnu++0x";
				CLANG_CXX_LIBRARY = "libc++";
				CLANG_ENABLE_MODULES = YES;
				CLANG_ENABLE_OBJC_ARC = YES;
				CLANG_WARN_BOOL_CONVERSION = YES;
				CLANG_WARN_CONSTANT_CONVERSION = YES;
				CLANG_WARN_DIRECT_OBJC_ISA_USAGE = YES_ERROR;
				CLANG_WARN_EMPTY_BODY = YES;
				CLANG_WARN_ENUM_CONVERSION = YES;
				CLANG_WARN_INT_CONVERSION = YES;
				CLANG_WARN_OBJC_ROOT_CLASS = YES_ERROR;
				CLANG_WARN_UNREACHABLE_CODE = YES;
				CLANG_WARN__DUPLICATE_METHOD_MATCH = YES;
				"CODE_SIGN_IDENTITY[sdk=iphoneos*]" = "iPhone Developer";
				COPY_PHASE_STRIP = NO;
				DEBUG_INFORMATION_FORMAT = "dwarf-with-dsym";
				ENABLE_NS_ASSERTIONS = NO;
				ENABLE_STRICT_OBJC_MSGSEND = YES;
				GCC_C_LANGUAGE_STANDARD = gnu99;
				GCC_NO_COMMON_BLOCKS = YES;
				GCC_WARN_64_TO_32_BIT_CONVERSION = YES;
				GCC_WARN_ABOUT_RETURN_TYPE = YES_ERROR;
				GCC_WARN_UNDECLARED_SELECTOR = YES;
				GCC_WARN_UNINITIALIZED_AUTOS = YES_AGGRESSIVE;
				GCC_WARN_UNUSED_FUNCTION = YES;
				GCC_WARN_UNUSED_VARIABLE = YES;
				IPHONEOS_DEPLOYMENT_TARGET = 9.3;
				MTL_ENABLE_DEBUG_INFO = NO;
				SDKROOT = iphoneos;
				TARGETED_DEVICE_FAMILY = "1,2";
				VALIDATE_PRODUCT = YES;
			};
			name = Release;
		};
		3C46D5491D00624C001C905B /* Debug */ = {
			isa = XCBuildConfiguration;
			baseConfigurationReference = B3BDCA2B752BD96247C59AFA /* Pods-CodeReview.debug.xcconfig */;
			buildSettings = {
				ASSETCATALOG_COMPILER_APPICON_NAME = AppIcon;
				FRAMEWORK_SEARCH_PATHS = (
					"$(inherited)",
					"$(PROJECT_DIR)/DerivedData/CodeReview/Build/Products/Debug-iphonesimulator/MobileConnectSDK",
				);
				INFOPLIST_FILE = CodeReview/Info.plist;
				LD_RUNPATH_SEARCH_PATHS = "$(inherited) @executable_path/Frameworks";
				PRODUCT_BUNDLE_IDENTIFIER = com.GSMA.CodeReview;
				PRODUCT_NAME = "$(TARGET_NAME)";
			};
			name = Debug;
		};
		3C46D54A1D00624C001C905B /* Release */ = {
			isa = XCBuildConfiguration;
			baseConfigurationReference = 9C3F840E88D43DEDBE324A50 /* Pods-CodeReview.release.xcconfig */;
			buildSettings = {
				ASSETCATALOG_COMPILER_APPICON_NAME = AppIcon;
				FRAMEWORK_SEARCH_PATHS = (
					"$(inherited)",
					"$(PROJECT_DIR)/DerivedData/CodeReview/Build/Products/Debug-iphonesimulator/MobileConnectSDK",
				);
				INFOPLIST_FILE = CodeReview/Info.plist;
				LD_RUNPATH_SEARCH_PATHS = "$(inherited) @executable_path/Frameworks";
				PRODUCT_BUNDLE_IDENTIFIER = com.GSMA.CodeReview;
				PRODUCT_NAME = "$(TARGET_NAME)";
			};
			name = Release;
		};
/* End XCBuildConfiguration section */

/* Begin XCConfigurationList section */
		3C46D5311D00624C001C905B /* Build configuration list for PBXProject "CodeReview" */ = {
			isa = XCConfigurationList;
			buildConfigurations = (
				3C46D5461D00624C001C905B /* Debug */,
				3C46D5471D00624C001C905B /* Release */,
			);
			defaultConfigurationIsVisible = 0;
			defaultConfigurationName = Release;
		};
		3C46D5481D00624C001C905B /* Build configuration list for PBXNativeTarget "CodeReview" */ = {
			isa = XCConfigurationList;
			buildConfigurations = (
				3C46D5491D00624C001C905B /* Debug */,
				3C46D54A1D00624C001C905B /* Release */,
			);
			defaultConfigurationIsVisible = 0;
			defaultConfigurationName = Release;
		};
/* End XCConfigurationList section */
	};
	rootObject = 3C46D52E1D00624C001C905B /* Project object */;
}
